
Microsoft Visual Studio Solution File, Format Version 12.00
# Visual Studio Version 16
VisualStudioVersion = 16.0.30320.27
MinimumVisualStudioVersion = 10.0.40219.1
Project("{FAE04EC0-301F-11D3-BF4B-00C04F79EFBC}") = "CountryHolidays_API", "CountryHolidays_API.csproj", "{C0FFDA8C-ECB4-4D51-A02D-BA7AEF9733D6}"
EndProject
Global
	GlobalSection(SolutionConfigurationPlatforms) = preSolution
		Debug|Any CPU = Debug|Any CPU
		Release|Any CPU = Release|Any CPU
	EndGlobalSection
	GlobalSection(ProjectConfigurationPlatforms) = postSolution
		{C0FFDA8C-ECB4-4D51-A02D-BA7AEF9733D6}.Debug|Any CPU.ActiveCfg = Debug|Any CPU
		{C0FFDA8C-ECB4-4D51-A02D-BA7AEF9733D6}.Debug|Any CPU.Build.0 = Debug|Any CPU
		{C0FFDA8C-ECB4-4D51-A02D-BA7AEF9733D6}.Release|Any CPU.ActiveCfg = Release|Any CPU
		{C0FFDA8C-ECB4-4D51-A02D-BA7AEF9733D6}.Release|Any CPU.Build.0 = Release|Any CPU
	EndGlobalSection
	GlobalSection(SolutionProperties) = preSolution
		HideSolutionNode = FALSE
	EndGlobalSection
	GlobalSection(ExtensibilityGlobals) = postSolution
		SolutionGuid = {BB3FFDE0-E745-496F-86BE-384CAC7DF5B7}
	EndGlobalSection
EndGlobal
